// !$*UTF8*$!
{
	archiveVersion = 1;
	classes = {
	};
	objectVersion = 70;
	objects = {

/* Begin PBXBuildFile section */
		2C1D05FE2CD8A9CC008BD254 /* HomeView.swift in Sources */ = {isa = PBXBuildFile; fileRef = 2C1D05FD2CD8A9CC008BD254 /* HomeView.swift */; };
		2C1D06252CD8AAB2008BD254 /* Then in Frameworks */ = {isa = PBXBuildFile; productRef = 2C1D06242CD8AAB2008BD254 /* Then */; };
		2C1D063A2CD8B84D008BD254 /* HomeMenuModel.swift in Sources */ = {isa = PBXBuildFile; fileRef = 2C1D06392CD8B84D008BD254 /* HomeMenuModel.swift */; };
		2C1D063C2CD8BB63008BD254 /* HomeMenuCollectionViewCell.swift in Sources */ = {isa = PBXBuildFile; fileRef = 2C1D063B2CD8BB63008BD254 /* HomeMenuCollectionViewCell.swift */; };
		2C1D066C2CDB1850008BD254 /* HomeDropCollectionViewCell.swift in Sources */ = {isa = PBXBuildFile; fileRef = 2C1D066B2CDB1850008BD254 /* HomeDropCollectionViewCell.swift */; };
		2C1D066E2CDB2A5F008BD254 /* HomeDropModel.swift in Sources */ = {isa = PBXBuildFile; fileRef = 2C1D066D2CDB2A5F008BD254 /* HomeDropModel.swift */; };
		2C1D06702CDD09BF008BD254 /* HomeItemCollectionViewCell.swift in Sources */ = {isa = PBXBuildFile; fileRef = 2C1D066F2CDD09BF008BD254 /* HomeItemCollectionViewCell.swift */; };
		2C1D06722CDD0A2B008BD254 /* HomeItemModel.swift in Sources */ = {isa = PBXBuildFile; fileRef = 2C1D06712CDD0A2B008BD254 /* HomeItemModel.swift */; };
		2C1D06952CDE1F63008BD254 /* DetailView.swift in Sources */ = {isa = PBXBuildFile; fileRef = 2C1D06942CDE1F63008BD254 /* DetailView.swift */; };
		2C1D06972CDE1FCC008BD254 /* DetailViewController.swift in Sources */ = {isa = PBXBuildFile; fileRef = 2C1D06962CDE1FCC008BD254 /* DetailViewController.swift */; };
		2C1D06992CDE2557008BD254 /* DetailModel.swift in Sources */ = {isa = PBXBuildFile; fileRef = 2C1D06982CDE2557008BD254 /* DetailModel.swift */; };
		2C1D069D2CDE25BF008BD254 /* DetailCollectionViewCell.swift in Sources */ = {isa = PBXBuildFile; fileRef = 2C1D069C2CDE25BF008BD254 /* DetailCollectionViewCell.swift */; };
		2C4ED1CC2CBBEDAA0052E075 /* BaseViewController.swift in Sources */ = {isa = PBXBuildFile; fileRef = 2C4ED1CB2CBBEDAA0052E075 /* BaseViewController.swift */; };
		2C4ED1D02CBBEE0E0052E075 /* HomeViewController.swift in Sources */ = {isa = PBXBuildFile; fileRef = 2C4ED1CF2CBBEE0E0052E075 /* HomeViewController.swift */; };
		2C4ED1D22CBBEE1E0052E075 /* StyleViewController.swift in Sources */ = {isa = PBXBuildFile; fileRef = 2C4ED1D12CBBEE1E0052E075 /* StyleViewController.swift */; };
		2C4ED1D42CBBEE2E0052E075 /* ShopViewController.swift in Sources */ = {isa = PBXBuildFile; fileRef = 2C4ED1D32CBBEE2E0052E075 /* ShopViewController.swift */; };
		2C4ED1D62CBBEE4E0052E075 /* SavedViewController.swift in Sources */ = {isa = PBXBuildFile; fileRef = 2C4ED1D52CBBEE4E0052E075 /* SavedViewController.swift */; };
		2C4ED1D82CBBEE560052E075 /* MyViewController.swift in Sources */ = {isa = PBXBuildFile; fileRef = 2C4ED1D72CBBEE560052E075 /* MyViewController.swift */; };
		2C4ED1DB2CBBFA8F0052E075 /* SnapKit in Frameworks */ = {isa = PBXBuildFile; productRef = 2C4ED1DA2CBBFA8F0052E075 /* SnapKit */; };
		2C4ED1DF2CBBFB710052E075 /* MyView.swift in Sources */ = {isa = PBXBuildFile; fileRef = 2C4ED1DE2CBBFB710052E075 /* MyView.swift */; };
		2C4ED1E12CBC09C70052E075 /* ProfileManageViewController.swift in Sources */ = {isa = PBXBuildFile; fileRef = 2C4ED1E02CBC09C70052E075 /* ProfileManageViewController.swift */; };
		2C4ED1E32CBD879E0052E075 /* ProfileManageView.swift in Sources */ = {isa = PBXBuildFile; fileRef = 2C4ED1E22CBD879E0052E075 /* ProfileManageView.swift */; };
		2C8A1D9B2CB26FBD003038F5 /* AppDelegate.swift in Sources */ = {isa = PBXBuildFile; fileRef = 2C8A1D9A2CB26FBD003038F5 /* AppDelegate.swift */; };
		2C8A1D9D2CB26FBD003038F5 /* SceneDelegate.swift in Sources */ = {isa = PBXBuildFile; fileRef = 2C8A1D9C2CB26FBD003038F5 /* SceneDelegate.swift */; };
		2C8A1D9F2CB26FBD003038F5 /* LoginViewController.swift in Sources */ = {isa = PBXBuildFile; fileRef = 2C8A1D9E2CB26FBD003038F5 /* LoginViewController.swift */; };
		2C8A1DA42CB26FBF003038F5 /* Assets.xcassets in Resources */ = {isa = PBXBuildFile; fileRef = 2C8A1DA32CB26FBF003038F5 /* Assets.xcassets */; };
		2C8A1DB22CB2922F003038F5 /* LoginModel.swift in Sources */ = {isa = PBXBuildFile; fileRef = 2C8A1DB12CB2922F003038F5 /* LoginModel.swift */; };
		2C8A1DBA2CB29449003038F5 /* LoginView.swift in Sources */ = {isa = PBXBuildFile; fileRef = 2C8A1DB92CB29449003038F5 /* LoginView.swift */; };
		2CBBF5482CD084DA00119F90 /* SavedTableViewCell.swift in Sources */ = {isa = PBXBuildFile; fileRef = 2CBBF5472CD084DA00119F90 /* SavedTableViewCell.swift */; };
		2CBBF54D2CD0860E00119F90 /* SavedModel.swift in Sources */ = {isa = PBXBuildFile; fileRef = 2CBBF54C2CD0860E00119F90 /* SavedModel.swift */; };
		2CBBF54F2CD2577C00119F90 /* SavedView.swift in Sources */ = {isa = PBXBuildFile; fileRef = 2CBBF54E2CD2577C00119F90 /* SavedView.swift */; };
		2CCB07532CDFDD110099EC15 /* BuyView.swift in Sources */ = {isa = PBXBuildFile; fileRef = 2CCB07522CDFDD110099EC15 /* BuyView.swift */; };
		2CCB07552CDFDDBF0099EC15 /* BuyViewController.swift in Sources */ = {isa = PBXBuildFile; fileRef = 2CCB07542CDFDDBF0099EC15 /* BuyViewController.swift */; };
		2CDE81892CF5E0BC0074DD80 /* Alamofire in Frameworks */ = {isa = PBXBuildFile; productRef = 2CDE81882CF5E0BC0074DD80 /* Alamofire */; };
		2CDE81C42CF5E8120074DD80 /* KakaoSDKAuth in Frameworks */ = {isa = PBXBuildFile; productRef = 2CDE81C32CF5E8120074DD80 /* KakaoSDKAuth */; };
		2CDE81C62CF5EB8D0074DD80 /* KakaoSDK in Frameworks */ = {isa = PBXBuildFile; productRef = 2CDE81C52CF5EB8D0074DD80 /* KakaoSDK */; };
/* End PBXBuildFile section */

/* Begin PBXFileReference section */
		2C1D05FD2CD8A9CC008BD254 /* HomeView.swift */ = {isa = PBXFileReference; lastKnownFileType = sourcecode.swift; path = HomeView.swift; sourceTree = "<group>"; };
		2C1D06392CD8B84D008BD254 /* HomeMenuModel.swift */ = {isa = PBXFileReference; lastKnownFileType = sourcecode.swift; path = HomeMenuModel.swift; sourceTree = "<group>"; };
		2C1D063B2CD8BB63008BD254 /* HomeMenuCollectionViewCell.swift */ = {isa = PBXFileReference; lastKnownFileType = sourcecode.swift; path = HomeMenuCollectionViewCell.swift; sourceTree = "<group>"; };
		2C1D066B2CDB1850008BD254 /* HomeDropCollectionViewCell.swift */ = {isa = PBXFileReference; lastKnownFileType = sourcecode.swift; path = HomeDropCollectionViewCell.swift; sourceTree = "<group>"; };
		2C1D066D2CDB2A5F008BD254 /* HomeDropModel.swift */ = {isa = PBXFileReference; lastKnownFileType = sourcecode.swift; path = HomeDropModel.swift; sourceTree = "<group>"; };
		2C1D066F2CDD09BF008BD254 /* HomeItemCollectionViewCell.swift */ = {isa = PBXFileReference; lastKnownFileType = sourcecode.swift; path = HomeItemCollectionViewCell.swift; sourceTree = "<group>"; };
		2C1D06712CDD0A2B008BD254 /* HomeItemModel.swift */ = {isa = PBXFileReference; lastKnownFileType = sourcecode.swift; path = HomeItemModel.swift; sourceTree = "<group>"; };
		2C1D06942CDE1F63008BD254 /* DetailView.swift */ = {isa = PBXFileReference; lastKnownFileType = sourcecode.swift; path = DetailView.swift; sourceTree = "<group>"; };
		2C1D06962CDE1FCC008BD254 /* DetailViewController.swift */ = {isa = PBXFileReference; lastKnownFileType = sourcecode.swift; path = DetailViewController.swift; sourceTree = "<group>"; };
		2C1D06982CDE2557008BD254 /* DetailModel.swift */ = {isa = PBXFileReference; lastKnownFileType = sourcecode.swift; path = DetailModel.swift; sourceTree = "<group>"; };
		2C1D069C2CDE25BF008BD254 /* DetailCollectionViewCell.swift */ = {isa = PBXFileReference; lastKnownFileType = sourcecode.swift; path = DetailCollectionViewCell.swift; sourceTree = "<group>"; };
		2C4ED1CB2CBBEDAA0052E075 /* BaseViewController.swift */ = {isa = PBXFileReference; lastKnownFileType = sourcecode.swift; path = BaseViewController.swift; sourceTree = "<group>"; };
		2C4ED1CF2CBBEE0E0052E075 /* HomeViewController.swift */ = {isa = PBXFileReference; lastKnownFileType = sourcecode.swift; path = HomeViewController.swift; sourceTree = "<group>"; };
		2C4ED1D12CBBEE1E0052E075 /* StyleViewController.swift */ = {isa = PBXFileReference; lastKnownFileType = sourcecode.swift; path = StyleViewController.swift; sourceTree = "<group>"; };
		2C4ED1D32CBBEE2E0052E075 /* ShopViewController.swift */ = {isa = PBXFileReference; lastKnownFileType = sourcecode.swift; path = ShopViewController.swift; sourceTree = "<group>"; };
		2C4ED1D52CBBEE4E0052E075 /* SavedViewController.swift */ = {isa = PBXFileReference; lastKnownFileType = sourcecode.swift; path = SavedViewController.swift; sourceTree = "<group>"; };
		2C4ED1D72CBBEE560052E075 /* MyViewController.swift */ = {isa = PBXFileReference; lastKnownFileType = sourcecode.swift; path = MyViewController.swift; sourceTree = "<group>"; };
		2C4ED1DE2CBBFB710052E075 /* MyView.swift */ = {isa = PBXFileReference; lastKnownFileType = sourcecode.swift; path = MyView.swift; sourceTree = "<group>"; };
		2C4ED1E02CBC09C70052E075 /* ProfileManageViewController.swift */ = {isa = PBXFileReference; lastKnownFileType = sourcecode.swift; path = ProfileManageViewController.swift; sourceTree = "<group>"; };
		2C4ED1E22CBD879E0052E075 /* ProfileManageView.swift */ = {isa = PBXFileReference; lastKnownFileType = sourcecode.swift; path = ProfileManageView.swift; sourceTree = "<group>"; };
		2C8A1D972CB26FBD003038F5 /* Kream.app */ = {isa = PBXFileReference; explicitFileType = wrapper.application; includeInIndex = 0; path = Kream.app; sourceTree = BUILT_PRODUCTS_DIR; };
		2C8A1D9A2CB26FBD003038F5 /* AppDelegate.swift */ = {isa = PBXFileReference; lastKnownFileType = sourcecode.swift; path = AppDelegate.swift; sourceTree = "<group>"; };
		2C8A1D9C2CB26FBD003038F5 /* SceneDelegate.swift */ = {isa = PBXFileReference; lastKnownFileType = sourcecode.swift; path = SceneDelegate.swift; sourceTree = "<group>"; };
		2C8A1D9E2CB26FBD003038F5 /* LoginViewController.swift */ = {isa = PBXFileReference; lastKnownFileType = sourcecode.swift; path = LoginViewController.swift; sourceTree = "<group>"; };
		2C8A1DA32CB26FBF003038F5 /* Assets.xcassets */ = {isa = PBXFileReference; lastKnownFileType = folder.assetcatalog; path = Assets.xcassets; sourceTree = "<group>"; };
		2C8A1DA82CB26FBF003038F5 /* Info.plist */ = {isa = PBXFileReference; lastKnownFileType = text.plist.xml; path = Info.plist; sourceTree = "<group>"; };
		2C8A1DB12CB2922F003038F5 /* LoginModel.swift */ = {isa = PBXFileReference; lastKnownFileType = sourcecode.swift; path = LoginModel.swift; sourceTree = "<group>"; };
		2C8A1DB92CB29449003038F5 /* LoginView.swift */ = {isa = PBXFileReference; lastKnownFileType = sourcecode.swift; path = LoginView.swift; sourceTree = "<group>"; };
		2CBBF5472CD084DA00119F90 /* SavedTableViewCell.swift */ = {isa = PBXFileReference; lastKnownFileType = sourcecode.swift; path = SavedTableViewCell.swift; sourceTree = "<group>"; };
		2CBBF54C2CD0860E00119F90 /* SavedModel.swift */ = {isa = PBXFileReference; lastKnownFileType = sourcecode.swift; path = SavedModel.swift; sourceTree = "<group>"; };
		2CBBF54E2CD2577C00119F90 /* SavedView.swift */ = {isa = PBXFileReference; lastKnownFileType = sourcecode.swift; path = SavedView.swift; sourceTree = "<group>"; };
		2CCB07522CDFDD110099EC15 /* BuyView.swift */ = {isa = PBXFileReference; lastKnownFileType = sourcecode.swift; path = BuyView.swift; sourceTree = "<group>"; };
		2CCB07542CDFDDBF0099EC15 /* BuyViewController.swift */ = {isa = PBXFileReference; lastKnownFileType = sourcecode.swift; path = BuyViewController.swift; sourceTree = "<group>"; };
/* End PBXFileReference section */

/* Begin PBXFileSystemSynchronizedRootGroup section */
		2CDE81C92CF5F9320074DD80 /* Service */ = {isa = PBXFileSystemSynchronizedRootGroup; explicitFileTypes = {}; explicitFolders = (); path = Service; sourceTree = "<group>"; };
/* End PBXFileSystemSynchronizedRootGroup section */

/* Begin PBXFrameworksBuildPhase section */
		2C8A1D942CB26FBD003038F5 /* Frameworks */ = {
			isa = PBXFrameworksBuildPhase;
			buildActionMask = 2147483647;
			files = (
				2CDE81892CF5E0BC0074DD80 /* Alamofire in Frameworks */,
				2CDE81C62CF5EB8D0074DD80 /* KakaoSDK in Frameworks */,
				2C4ED1DB2CBBFA8F0052E075 /* SnapKit in Frameworks */,
				2C1D06252CD8AAB2008BD254 /* Then in Frameworks */,
				2CDE81C42CF5E8120074DD80 /* KakaoSDKAuth in Frameworks */,
			);
			runOnlyForDeploymentPostprocessing = 0;
		};
/* End PBXFrameworksBuildPhase section */

/* Begin PBXGroup section */
		2C8A1D8E2CB26FBD003038F5 = {
			isa = PBXGroup;
			children = (
				2C8A1D992CB26FBD003038F5 /* Kream */,
				2C8A1D982CB26FBD003038F5 /* Products */,
			);
			sourceTree = "<group>";
		};
		2C8A1D982CB26FBD003038F5 /* Products */ = {
			isa = PBXGroup;
			children = (
				2C8A1D972CB26FBD003038F5 /* Kream.app */,
			);
			name = Products;
			sourceTree = "<group>";
		};
		2C8A1D992CB26FBD003038F5 /* Kream */ = {
			isa = PBXGroup;
			children = (
				2CDE81C92CF5F9320074DD80 /* Service */,
				2CBBF5462CD083B000119F90 /* Cells */,
				2C8A1DB02CB2921D003038F5 /* ViewControllers */,
				2C8A1DAF2CB29202003038F5 /* Views */,
				2C8A1DAE2CB291FB003038F5 /* Models */,
				2C8A1D9A2CB26FBD003038F5 /* AppDelegate.swift */,
				2C8A1D9C2CB26FBD003038F5 /* SceneDelegate.swift */,
				2C8A1DA32CB26FBF003038F5 /* Assets.xcassets */,
				2C8A1DA82CB26FBF003038F5 /* Info.plist */,
			);
			path = Kream;
			sourceTree = "<group>";
		};
		2C8A1DAE2CB291FB003038F5 /* Models */ = {
			isa = PBXGroup;
			children = (
				2C8A1DB12CB2922F003038F5 /* LoginModel.swift */,
				2CBBF54C2CD0860E00119F90 /* SavedModel.swift */,
				2C1D06392CD8B84D008BD254 /* HomeMenuModel.swift */,
				2C1D066D2CDB2A5F008BD254 /* HomeDropModel.swift */,
				2C1D06712CDD0A2B008BD254 /* HomeItemModel.swift */,
				2C1D06982CDE2557008BD254 /* DetailModel.swift */,
			);
			path = Models;
			sourceTree = "<group>";
		};
		2C8A1DAF2CB29202003038F5 /* Views */ = {
			isa = PBXGroup;
			children = (
				2C8A1DB92CB29449003038F5 /* LoginView.swift */,
				2C4ED1DE2CBBFB710052E075 /* MyView.swift */,
				2C4ED1E22CBD879E0052E075 /* ProfileManageView.swift */,
				2CBBF54E2CD2577C00119F90 /* SavedView.swift */,
				2C1D05FD2CD8A9CC008BD254 /* HomeView.swift */,
				2C1D06942CDE1F63008BD254 /* DetailView.swift */,
				2CCB07522CDFDD110099EC15 /* BuyView.swift */,
			);
			path = Views;
			sourceTree = "<group>";
		};
		2C8A1DB02CB2921D003038F5 /* ViewControllers */ = {
			isa = PBXGroup;
			children = (
				2C4ED1CF2CBBEE0E0052E075 /* HomeViewController.swift */,
				2C4ED1D12CBBEE1E0052E075 /* StyleViewController.swift */,
				2C4ED1D32CBBEE2E0052E075 /* ShopViewController.swift */,
				2C4ED1D52CBBEE4E0052E075 /* SavedViewController.swift */,
				2C4ED1D72CBBEE560052E075 /* MyViewController.swift */,
				2C8A1D9E2CB26FBD003038F5 /* LoginViewController.swift */,
				2C4ED1CB2CBBEDAA0052E075 /* BaseViewController.swift */,
				2C4ED1E02CBC09C70052E075 /* ProfileManageViewController.swift */,
				2C1D06962CDE1FCC008BD254 /* DetailViewController.swift */,
				2CCB07542CDFDDBF0099EC15 /* BuyViewController.swift */,
			);
			path = ViewControllers;
			sourceTree = "<group>";
		};
		2CBBF5462CD083B000119F90 /* Cells */ = {
			isa = PBXGroup;
			children = (
				2CBBF5472CD084DA00119F90 /* SavedTableViewCell.swift */,
				2C1D063B2CD8BB63008BD254 /* HomeMenuCollectionViewCell.swift */,
				2C1D066B2CDB1850008BD254 /* HomeDropCollectionViewCell.swift */,
				2C1D066F2CDD09BF008BD254 /* HomeItemCollectionViewCell.swift */,
				2C1D069C2CDE25BF008BD254 /* DetailCollectionViewCell.swift */,
			);
			path = Cells;
			sourceTree = "<group>";
		};
/* End PBXGroup section */

/* Begin PBXNativeTarget section */
		2C8A1D962CB26FBD003038F5 /* Kream */ = {
			isa = PBXNativeTarget;
			buildConfigurationList = 2C8A1DAB2CB26FBF003038F5 /* Build configuration list for PBXNativeTarget "Kream" */;
			buildPhases = (
				2C8A1D932CB26FBD003038F5 /* Sources */,
				2C8A1D942CB26FBD003038F5 /* Frameworks */,
				2C8A1D952CB26FBD003038F5 /* Resources */,
			);
			buildRules = (
			);
			dependencies = (
			);
			fileSystemSynchronizedGroups = (
				2CDE81C92CF5F9320074DD80 /* Service */,
			);
			name = Kream;
			productName = Kream;
			productReference = 2C8A1D972CB26FBD003038F5 /* Kream.app */;
			productType = "com.apple.product-type.application";
		};
/* End PBXNativeTarget section */

/* Begin PBXProject section */
		2C8A1D8F2CB26FBD003038F5 /* Project object */ = {
			isa = PBXProject;
			attributes = {
				BuildIndependentTargetsInParallel = 1;
				LastSwiftUpdateCheck = 1540;
				LastUpgradeCheck = 1540;
				TargetAttributes = {
					2C8A1D962CB26FBD003038F5 = {
						CreatedOnToolsVersion = 15.4;
					};
				};
			};
			buildConfigurationList = 2C8A1D922CB26FBD003038F5 /* Build configuration list for PBXProject "Kream" */;
			compatibilityVersion = "Xcode 14.0";
			developmentRegion = en;
			hasScannedForEncodings = 0;
			knownRegions = (
				en,
				Base,
			);
			mainGroup = 2C8A1D8E2CB26FBD003038F5;
			packageReferences = (
				2C4ED1D92CBBFA8F0052E075 /* XCRemoteSwiftPackageReference "SnapKit" */,
				2C1D06232CD8AAB2008BD254 /* XCRemoteSwiftPackageReference "Then" */,
				2CDE81872CF5E0BC0074DD80 /* XCRemoteSwiftPackageReference "Alamofire" */,
				2CDE81C22CF5E8120074DD80 /* XCRemoteSwiftPackageReference "kakao-ios-sdk" */,
			);
			productRefGroup = 2C8A1D982CB26FBD003038F5 /* Products */;
			projectDirPath = "";
			projectRoot = "";
			targets = (
				2C8A1D962CB26FBD003038F5 /* Kream */,
			);
		};
/* End PBXProject section */

/* Begin PBXResourcesBuildPhase section */
		2C8A1D952CB26FBD003038F5 /* Resources */ = {
			isa = PBXResourcesBuildPhase;
			buildActionMask = 2147483647;
			files = (
				2C8A1DA42CB26FBF003038F5 /* Assets.xcassets in Resources */,
			);
			runOnlyForDeploymentPostprocessing = 0;
		};
/* End PBXResourcesBuildPhase section */

/* Begin PBXSourcesBuildPhase section */
		2C8A1D932CB26FBD003038F5 /* Sources */ = {
			isa = PBXSourcesBuildPhase;
			buildActionMask = 2147483647;
			files = (
				2C4ED1DF2CBBFB710052E075 /* MyView.swift in Sources */,
				2C1D063A2CD8B84D008BD254 /* HomeMenuModel.swift in Sources */,
				2C8A1D9F2CB26FBD003038F5 /* LoginViewController.swift in Sources */,
				2C1D063C2CD8BB63008BD254 /* HomeMenuCollectionViewCell.swift in Sources */,
				2C8A1DB22CB2922F003038F5 /* LoginModel.swift in Sources */,
				2C4ED1D42CBBEE2E0052E075 /* ShopViewController.swift in Sources */,
				2CCB07532CDFDD110099EC15 /* BuyView.swift in Sources */,
				2C4ED1E12CBC09C70052E075 /* ProfileManageViewController.swift in Sources */,
				2C1D069D2CDE25BF008BD254 /* DetailCollectionViewCell.swift in Sources */,
				2C1D06702CDD09BF008BD254 /* HomeItemCollectionViewCell.swift in Sources */,
				2C1D06952CDE1F63008BD254 /* DetailView.swift in Sources */,
				2CCB07552CDFDDBF0099EC15 /* BuyViewController.swift in Sources */,
				2C4ED1E32CBD879E0052E075 /* ProfileManageView.swift in Sources */,
				2C4ED1D22CBBEE1E0052E075 /* StyleViewController.swift in Sources */,
				2C8A1D9B2CB26FBD003038F5 /* AppDelegate.swift in Sources */,
				2CBBF5482CD084DA00119F90 /* SavedTableViewCell.swift in Sources */,
				2C1D06972CDE1FCC008BD254 /* DetailViewController.swift in Sources */,
				2C1D066E2CDB2A5F008BD254 /* HomeDropModel.swift in Sources */,
				2C1D05FE2CD8A9CC008BD254 /* HomeView.swift in Sources */,
				2C8A1DBA2CB29449003038F5 /* LoginView.swift in Sources */,
				2C1D06722CDD0A2B008BD254 /* HomeItemModel.swift in Sources */,
				2CBBF54F2CD2577C00119F90 /* SavedView.swift in Sources */,
				2C8A1D9D2CB26FBD003038F5 /* SceneDelegate.swift in Sources */,
				2C1D066C2CDB1850008BD254 /* HomeDropCollectionViewCell.swift in Sources */,
				2C1D06992CDE2557008BD254 /* DetailModel.swift in Sources */,
				2C4ED1D02CBBEE0E0052E075 /* HomeViewController.swift in Sources */,
				2C4ED1D62CBBEE4E0052E075 /* SavedViewController.swift in Sources */,
				2C4ED1CC2CBBEDAA0052E075 /* BaseViewController.swift in Sources */,
				2C4ED1D82CBBEE560052E075 /* MyViewController.swift in Sources */,
				2CBBF54D2CD0860E00119F90 /* SavedModel.swift in Sources */,
			);
			runOnlyForDeploymentPostprocessing = 0;
		};
/* End PBXSourcesBuildPhase section */

/* Begin XCBuildConfiguration section */
		2C8A1DA92CB26FBF003038F5 /* Debug */ = {
			isa = XCBuildConfiguration;
			buildSettings = {
				ALWAYS_SEARCH_USER_PATHS = NO;
				ASSETCATALOG_COMPILER_GENERATE_SWIFT_ASSET_SYMBOL_EXTENSIONS = YES;
				CLANG_ANALYZER_NONNULL = YES;
				CLANG_ANALYZER_NUMBER_OBJECT_CONVERSION = YES_AGGRESSIVE;
				CLANG_CXX_LANGUAGE_STANDARD = "gnu++20";
				CLANG_ENABLE_MODULES = YES;
				CLANG_ENABLE_OBJC_ARC = YES;
				CLANG_ENABLE_OBJC_WEAK = YES;
				CLANG_WARN_BLOCK_CAPTURE_AUTORELEASING = YES;
				CLANG_WARN_BOOL_CONVERSION = YES;
				CLANG_WARN_COMMA = YES;
				CLANG_WARN_CONSTANT_CONVERSION = YES;
				CLANG_WARN_DEPRECATED_OBJC_IMPLEMENTATIONS = YES;
				CLANG_WARN_DIRECT_OBJC_ISA_USAGE = YES_ERROR;
				CLANG_WARN_DOCUMENTATION_COMMENTS = YES;
				CLANG_WARN_EMPTY_BODY = YES;
				CLANG_WARN_ENUM_CONVERSION = YES;
				CLANG_WARN_INFINITE_RECURSION = YES;
				CLANG_WARN_INT_CONVERSION = YES;
				CLANG_WARN_NON_LITERAL_NULL_CONVERSION = YES;
				CLANG_WARN_OBJC_IMPLICIT_RETAIN_SELF = YES;
				CLANG_WARN_OBJC_LITERAL_CONVERSION = YES;
				CLANG_WARN_OBJC_ROOT_CLASS = YES_ERROR;
				CLANG_WARN_QUOTED_INCLUDE_IN_FRAMEWORK_HEADER = YES;
				CLANG_WARN_RANGE_LOOP_ANALYSIS = YES;
				CLANG_WARN_STRICT_PROTOTYPES = YES;
				CLANG_WARN_SUSPICIOUS_MOVE = YES;
				CLANG_WARN_UNGUARDED_AVAILABILITY = YES_AGGRESSIVE;
				CLANG_WARN_UNREACHABLE_CODE = YES;
				CLANG_WARN__DUPLICATE_METHOD_MATCH = YES;
				COPY_PHASE_STRIP = NO;
				DEBUG_INFORMATION_FORMAT = dwarf;
				ENABLE_STRICT_OBJC_MSGSEND = YES;
				ENABLE_TESTABILITY = YES;
				ENABLE_USER_SCRIPT_SANDBOXING = YES;
				GCC_C_LANGUAGE_STANDARD = gnu17;
				GCC_DYNAMIC_NO_PIC = NO;
				GCC_NO_COMMON_BLOCKS = YES;
				GCC_OPTIMIZATION_LEVEL = 0;
				GCC_PREPROCESSOR_DEFINITIONS = (
					"DEBUG=1",
					"$(inherited)",
				);
				GCC_WARN_64_TO_32_BIT_CONVERSION = YES;
				GCC_WARN_ABOUT_RETURN_TYPE = YES_ERROR;
				GCC_WARN_UNDECLARED_SELECTOR = YES;
				GCC_WARN_UNINITIALIZED_AUTOS = YES_AGGRESSIVE;
				GCC_WARN_UNUSED_FUNCTION = YES;
				GCC_WARN_UNUSED_VARIABLE = YES;
				IPHONEOS_DEPLOYMENT_TARGET = 17.5;
				LOCALIZATION_PREFERS_STRING_CATALOGS = YES;
				MTL_ENABLE_DEBUG_INFO = INCLUDE_SOURCE;
				MTL_FAST_MATH = YES;
				ONLY_ACTIVE_ARCH = YES;
				SDKROOT = iphoneos;
				SWIFT_ACTIVE_COMPILATION_CONDITIONS = "DEBUG $(inherited)";
				SWIFT_OPTIMIZATION_LEVEL = "-Onone";
			};
			name = Debug;
		};
		2C8A1DAA2CB26FBF003038F5 /* Release */ = {
			isa = XCBuildConfiguration;
			buildSettings = {
				ALWAYS_SEARCH_USER_PATHS = NO;
				ASSETCATALOG_COMPILER_GENERATE_SWIFT_ASSET_SYMBOL_EXTENSIONS = YES;
				CLANG_ANALYZER_NONNULL = YES;
				CLANG_ANALYZER_NUMBER_OBJECT_CONVERSION = YES_AGGRESSIVE;
				CLANG_CXX_LANGUAGE_STANDARD = "gnu++20";
				CLANG_ENABLE_MODULES = YES;
				CLANG_ENABLE_OBJC_ARC = YES;
				CLANG_ENABLE_OBJC_WEAK = YES;
				CLANG_WARN_BLOCK_CAPTURE_AUTORELEASING = YES;
				CLANG_WARN_BOOL_CONVERSION = YES;
				CLANG_WARN_COMMA = YES;
				CLANG_WARN_CONSTANT_CONVERSION = YES;
				CLANG_WARN_DEPRECATED_OBJC_IMPLEMENTATIONS = YES;
				CLANG_WARN_DIRECT_OBJC_ISA_USAGE = YES_ERROR;
				CLANG_WARN_DOCUMENTATION_COMMENTS = YES;
				CLANG_WARN_EMPTY_BODY = YES;
				CLANG_WARN_ENUM_CONVERSION = YES;
				CLANG_WARN_INFINITE_RECURSION = YES;
				CLANG_WARN_INT_CONVERSION = YES;
				CLANG_WARN_NON_LITERAL_NULL_CONVERSION = YES;
				CLANG_WARN_OBJC_IMPLICIT_RETAIN_SELF = YES;
				CLANG_WARN_OBJC_LITERAL_CONVERSION = YES;
				CLANG_WARN_OBJC_ROOT_CLASS = YES_ERROR;
				CLANG_WARN_QUOTED_INCLUDE_IN_FRAMEWORK_HEADER = YES;
				CLANG_WARN_RANGE_LOOP_ANALYSIS = YES;
				CLANG_WARN_STRICT_PROTOTYPES = YES;
				CLANG_WARN_SUSPICIOUS_MOVE = YES;
				CLANG_WARN_UNGUARDED_AVAILABILITY = YES_AGGRESSIVE;
				CLANG_WARN_UNREACHABLE_CODE = YES;
				CLANG_WARN__DUPLICATE_METHOD_MATCH = YES;
				COPY_PHASE_STRIP = NO;
				DEBUG_INFORMATION_FORMAT = "dwarf-with-dsym";
				ENABLE_NS_ASSERTIONS = NO;
				ENABLE_STRICT_OBJC_MSGSEND = YES;
				ENABLE_USER_SCRIPT_SANDBOXING = YES;
				GCC_C_LANGUAGE_STANDARD = gnu17;
				GCC_NO_COMMON_BLOCKS = YES;
				GCC_WARN_64_TO_32_BIT_CONVERSION = YES;
				GCC_WARN_ABOUT_RETURN_TYPE = YES_ERROR;
				GCC_WARN_UNDECLARED_SELECTOR = YES;
				GCC_WARN_UNINITIALIZED_AUTOS = YES_AGGRESSIVE;
				GCC_WARN_UNUSED_FUNCTION = YES;
				GCC_WARN_UNUSED_VARIABLE = YES;
				IPHONEOS_DEPLOYMENT_TARGET = 17.5;
				LOCALIZATION_PREFERS_STRING_CATALOGS = YES;
				MTL_ENABLE_DEBUG_INFO = NO;
				MTL_FAST_MATH = YES;
				SDKROOT = iphoneos;
				SWIFT_COMPILATION_MODE = wholemodule;
				VALIDATE_PRODUCT = YES;
			};
			name = Release;
		};
		2C8A1DAC2CB26FBF003038F5 /* Debug */ = {
			isa = XCBuildConfiguration;
			buildSettings = {
				ASSETCATALOG_COMPILER_APPICON_NAME = AppIcon;
				ASSETCATALOG_COMPILER_GLOBAL_ACCENT_COLOR_NAME = AccentColor;
				CODE_SIGN_STYLE = Automatic;
				CURRENT_PROJECT_VERSION = 1;
				GENERATE_INFOPLIST_FILE = YES;
				INFOPLIST_FILE = Kream/Info.plist;
				INFOPLIST_KEY_UIApplicationSupportsIndirectInputEvents = YES;
				INFOPLIST_KEY_UILaunchStoryboardName = LaunchScreen;
				INFOPLIST_KEY_UISupportedInterfaceOrientations_iPad = "UIInterfaceOrientationPortrait UIInterfaceOrientationPortraitUpsideDown UIInterfaceOrientationLandscapeLeft UIInterfaceOrientationLandscapeRight";
				INFOPLIST_KEY_UISupportedInterfaceOrientations_iPhone = "UIInterfaceOrientationPortrait UIInterfaceOrientationLandscapeLeft UIInterfaceOrientationLandscapeRight";
				LD_RUNPATH_SEARCH_PATHS = (
					"$(inherited)",
					"@executable_path/Frameworks",
				);
				MARKETING_VERSION = 1.0;
				PRODUCT_BUNDLE_IDENTIFIER = yoni.Kream;
				PRODUCT_NAME = "$(TARGET_NAME)";
				SWIFT_EMIT_LOC_STRINGS = YES;
				SWIFT_VERSION = 5.0;
				TARGETED_DEVICE_FAMILY = "1,2";
			};
			name = Debug;
		};
		2C8A1DAD2CB26FBF003038F5 /* Release */ = {
			isa = XCBuildConfiguration;
			buildSettings = {
				ASSETCATALOG_COMPILER_APPICON_NAME = AppIcon;
				ASSETCATALOG_COMPILER_GLOBAL_ACCENT_COLOR_NAME = AccentColor;
				CODE_SIGN_STYLE = Automatic;
				CURRENT_PROJECT_VERSION = 1;
				GENERATE_INFOPLIST_FILE = YES;
				INFOPLIST_FILE = Kream/Info.plist;
				INFOPLIST_KEY_UIApplicationSupportsIndirectInputEvents = YES;
				INFOPLIST_KEY_UILaunchStoryboardName = LaunchScreen;
				INFOPLIST_KEY_UISupportedInterfaceOrientations_iPad = "UIInterfaceOrientationPortrait UIInterfaceOrientationPortraitUpsideDown UIInterfaceOrientationLandscapeLeft UIInterfaceOrientationLandscapeRight";
				INFOPLIST_KEY_UISupportedInterfaceOrientations_iPhone = "UIInterfaceOrientationPortrait UIInterfaceOrientationLandscapeLeft UIInterfaceOrientationLandscapeRight";
				LD_RUNPATH_SEARCH_PATHS = (
					"$(inherited)",
					"@executable_path/Frameworks",
				);
				MARKETING_VERSION = 1.0;
				PRODUCT_BUNDLE_IDENTIFIER = yoni.Kream;
				PRODUCT_NAME = "$(TARGET_NAME)";
				SWIFT_EMIT_LOC_STRINGS = YES;
				SWIFT_VERSION = 5.0;
				TARGETED_DEVICE_FAMILY = "1,2";
			};
			name = Release;
		};
/* End XCBuildConfiguration section */

/* Begin XCConfigurationList section */
		2C8A1D922CB26FBD003038F5 /* Build configuration list for PBXProject "Kream" */ = {
			isa = XCConfigurationList;
			buildConfigurations = (
				2C8A1DA92CB26FBF003038F5 /* Debug */,
				2C8A1DAA2CB26FBF003038F5 /* Release */,
			);
			defaultConfigurationIsVisible = 0;
			defaultConfigurationName = Release;
		};
		2C8A1DAB2CB26FBF003038F5 /* Build configuration list for PBXNativeTarget "Kream" */ = {
			isa = XCConfigurationList;
			buildConfigurations = (
				2C8A1DAC2CB26FBF003038F5 /* Debug */,
				2C8A1DAD2CB26FBF003038F5 /* Release */,
			);
			defaultConfigurationIsVisible = 0;
			defaultConfigurationName = Release;
		};
/* End XCConfigurationList section */

/* Begin XCRemoteSwiftPackageReference section */
		2C1D06232CD8AAB2008BD254 /* XCRemoteSwiftPackageReference "Then" */ = {
			isa = XCRemoteSwiftPackageReference;
			repositoryURL = "https://github.com/devxoul/Then";
			requirement = {
				kind = upToNextMajorVersion;
				minimumVersion = 3.0.0;
			};
		};
		2C4ED1D92CBBFA8F0052E075 /* XCRemoteSwiftPackageReference "SnapKit" */ = {
			isa = XCRemoteSwiftPackageReference;
			repositoryURL = "https://github.com/SnapKit/SnapKit";
			requirement = {
				kind = upToNextMajorVersion;
				minimumVersion = 5.7.1;
			};
		};
		2CDE81872CF5E0BC0074DD80 /* XCRemoteSwiftPackageReference "Alamofire" */ = {
			isa = XCRemoteSwiftPackageReference;
			repositoryURL = "https://github.com/Alamofire/Alamofire";
			requirement = {
				kind = upToNextMajorVersion;
				minimumVersion = 5.10.2;
			};
		};
		2CDE81C22CF5E8120074DD80 /* XCRemoteSwiftPackageReference "kakao-ios-sdk" */ = {
			isa = XCRemoteSwiftPackageReference;
			repositoryURL = "https://github.com/kakao/kakao-ios-sdk";
			requirement = {
				kind = upToNextMajorVersion;
				minimumVersion = 2.23.0;
			};
		};
/* End XCRemoteSwiftPackageReference section */

/* Begin XCSwiftPackageProductDependency section */
		2C1D06242CD8AAB2008BD254 /* Then */ = {
			isa = XCSwiftPackageProductDependency;
			package = 2C1D06232CD8AAB2008BD254 /* XCRemoteSwiftPackageReference "Then" */;
			productName = Then;
		};
		2C4ED1DA2CBBFA8F0052E075 /* SnapKit */ = {
			isa = XCSwiftPackageProductDependency;
			package = 2C4ED1D92CBBFA8F0052E075 /* XCRemoteSwiftPackageReference "SnapKit" */;
			productName = SnapKit;
		};
		2CDE81882CF5E0BC0074DD80 /* Alamofire */ = {
			isa = XCSwiftPackageProductDependency;
			package = 2CDE81872CF5E0BC0074DD80 /* XCRemoteSwiftPackageReference "Alamofire" */;
			productName = Alamofire;
		};
		2CDE81C32CF5E8120074DD80 /* KakaoSDKAuth */ = {
			isa = XCSwiftPackageProductDependency;
			package = 2CDE81C22CF5E8120074DD80 /* XCRemoteSwiftPackageReference "kakao-ios-sdk" */;
			productName = KakaoSDKAuth;
		};
		2CDE81C52CF5EB8D0074DD80 /* KakaoSDK */ = {
			isa = XCSwiftPackageProductDependency;
			package = 2CDE81C22CF5E8120074DD80 /* XCRemoteSwiftPackageReference "kakao-ios-sdk" */;
			productName = KakaoSDK;
		};
/* End XCSwiftPackageProductDependency section */
	};
	rootObject = 2C8A1D8F2CB26FBD003038F5 /* Project object */;
}
